
Microsoft Visual Studio Solution File, Format Version 12.00
# Visual Studio Version 16
VisualStudioVersion = 16.0.30011.22
MinimumVisualStudioVersion = 10.0.40219.1
Project("{FAE04EC0-301F-11D3-BF4B-00C04F79EFBC}") = "QuickFind", "QuickFind\QuickFind.csproj", "{92FCE067-E2F1-4401-8EB2-58EFF980539D}"
EndProject
Project("{FAE04EC0-301F-11D3-BF4B-00C04F79EFBC}") = "ImgP", "ImgP\ImgP.csproj", "{4C5BDD77-F55C-445D-ADC1-7C725EDADA36}"
EndProject
Global
	GlobalSection(SolutionConfigurationPlatforms) = preSolution
		Debug|Any CPU = Debug|Any CPU
		Release|Any CPU = Release|Any CPU
	EndGlobalSection
	GlobalSection(ProjectConfigurationPlatforms) = postSolution
		{92FCE067-E2F1-4401-8EB2-58EFF980539D}.Debug|Any CPU.ActiveCfg = Debug|Any CPU
		{92FCE067-E2F1-4401-8EB2-58EFF980539D}.Debug|Any CPU.Build.0 = Debug|Any CPU
		{92FCE067-E2F1-4401-8EB2-58EFF980539D}.Release|Any CPU.ActiveCfg = Release|Any CPU
		{92FCE067-E2F1-4401-8EB2-58EFF980539D}.Release|Any CPU.Build.0 = Release|Any CPU
		{4C5BDD77-F55C-445D-ADC1-7C725EDADA36}.Debug|Any CPU.ActiveCfg = Debug|Any CPU
		{4C5BDD77-F55C-445D-ADC1-7C725EDADA36}.Debug|Any CPU.Build.0 = Debug|Any CPU
		{4C5BDD77-F55C-445D-ADC1-7C725EDADA36}.Release|Any CPU.ActiveCfg = Release|Any CPU
		{4C5BDD77-F55C-445D-ADC1-7C725EDADA36}.Release|Any CPU.Build.0 = Release|Any CPU
	EndGlobalSection
	GlobalSection(SolutionProperties) = preSolution
		HideSolutionNode = FALSE
	EndGlobalSection
	GlobalSection(ExtensibilityGlobals) = postSolution
		SolutionGuid = {0ACE81D7-9B07-45CC-AF20-131A5C8BB4C8}
	EndGlobalSection
EndGlobal
